
Microsoft Visual Studio Solution File, Format Version 12.00
Project("{FAE04EC0-301F-11D3-BF4B-00C04F79EFBC}") = "WindowWeb", "WindowWeb\WindowWeb.csproj", "{1727C654-DF6A-4013-BB21-7B695D7FBD81}"
EndProject
Global
	GlobalSection(SolutionConfigurationPlatforms) = preSolution
		Debug|Any CPU = Debug|Any CPU
		Release|Any CPU = Release|Any CPU
	EndGlobalSection
	GlobalSection(ProjectConfigurationPlatforms) = postSolution
		{1727C654-DF6A-4013-BB21-7B695D7FBD81}.Debug|Any CPU.ActiveCfg = Debug|Any CPU
		{1727C654-DF6A-4013-BB21-7B695D7FBD81}.Debug|Any CPU.Build.0 = Debug|Any CPU
		{1727C654-DF6A-4013-BB21-7B695D7FBD81}.Release|Any CPU.ActiveCfg = Release|Any CPU
		{1727C654-DF6A-4013-BB21-7B695D7FBD81}.Release|Any CPU.Build.0 = Release|Any CPU
	EndGlobalSection
EndGlobal
